// !$*UTF8*$!
{
	archiveVersion = 1;
	classes = {
	};
	objectVersion = 77;
	objects = {

/* Begin PBXContainerItemProxy section */
		83080C102E73A1490081405C /* PBXContainerItemProxy */ = {
			isa = PBXContainerItemProxy;
			containerPortal = 83080BF82E73A1480081405C /* Project object */;
			proxyType = 1;
			remoteGlobalIDString = 83080BFF2E73A1480081405C;
			remoteInfo = "MDI1-105-BookManager";
		};
		83080C1A2E73A1490081405C /* PBXContainerItemProxy */ = {
			isa = PBXContainerItemProxy;
			containerPortal = 83080BF82E73A1480081405C /* Project object */;
			proxyType = 1;
			remoteGlobalIDString = 83080BFF2E73A1480081405C;
			remoteInfo = "MDI1-105-BookManager";
		};
/* End PBXContainerItemProxy section */

/* Begin PBXFileReference section */
		83080C002E73A1480081405C /* MDI1-105-BookManager.app */ = {isa = PBXFileReference; explicitFileType = wrapper.application; includeInIndex = 0; path = "MDI1-105-BookManager.app"; sourceTree = BUILT_PRODUCTS_DIR; };
		83080C0F2E73A1490081405C /* MDI1-105-BookManagerTests.xctest */ = {isa = PBXFileReference; explicitFileType = wrapper.cfbundle; includeInIndex = 0; path = "MDI1-105-BookManagerTests.xctest"; sourceTree = BUILT_PRODUCTS_DIR; };
		83080C192E73A1490081405C /* MDI1-105-BookManagerUITests.xctest */ = {isa = PBXFileReference; explicitFileType = wrapper.cfbundle; includeInIndex = 0; path = "MDI1-105-BookManagerUITests.xctest"; sourceTree = BUILT_PRODUCTS_DIR; };
/* End PBXFileReference section */

/* Begin PBXFileSystemSynchronizedRootGroup section */
		83080C022E73A1480081405C /* MDI1-105-BookManager */ = {
			isa = PBXFileSystemSynchronizedRootGroup;
			path = "MDI1-105-BookManager";
			sourceTree = "<group>";
		};
		83080C122E73A1490081405C /* MDI1-105-BookManagerTests */ = {
			isa = PBXFileSystemSynchronizedRootGroup;
			path = "MDI1-105-BookManagerTests";
			sourceTree = "<group>";
		};
		83080C1C2E73A1490081405C /* MDI1-105-BookManagerUITests */ = {
			isa = PBXFileSystemSynchronizedRootGroup;
			path = "MDI1-105-BookManagerUITests";
			sourceTree = "<group>";
		};
/* End PBXFileSystemSynchronizedRootGroup section */

/* Begin PBXFrameworksBuildPhase section */
		83080BFD2E73A1480081405C /* Frameworks */ = {
			isa = PBXFrameworksBuildPhase;
			buildActionMask = 2147483647;
			files = (
			);
			runOnlyForDeploymentPostprocessing = 0;
		};
		83080C0C2E73A1490081405C /* Frameworks */ = {
			isa = PBXFrameworksBuildPhase;
			buildActionMask = 2147483647;
			files = (
			);
			runOnlyForDeploymentPostprocessing = 0;
		};
		83080C162E73A1490081405C /* Frameworks */ = {
			isa = PBXFrameworksBuildPhase;
			buildActionMask = 2147483647;
			files = (
			);
			runOnlyForDeploymentPostprocessing = 0;
		};
/* End PBXFrameworksBuildPhase section */

/* Begin PBXGroup section */
		83080BF72E73A1480081405C = {
			isa = PBXGroup;
			children = (
				83080C022E73A1480081405C /* MDI1-105-BookManager */,
				83080C122E73A1490081405C /* MDI1-105-BookManagerTests */,
				83080C1C2E73A1490081405C /* MDI1-105-BookManagerUITests */,
				83080C012E73A1480081405C /* Products */,
			);
			sourceTree = "<group>";
		};
		83080C012E73A1480081405C /* Products */ = {
			isa = PBXGroup;
			children = (
				83080C002E73A1480081405C /* MDI1-105-BookManager.app */,
				83080C0F2E73A1490081405C /* MDI1-105-BookManagerTests.xctest */,
				83080C192E73A1490081405C /* MDI1-105-BookManagerUITests.xctest */,
			);
			name = Products;
			sourceTree = "<group>";
		};
/* End PBXGroup section */

/* Begin PBXNativeTarget section */
		83080BFF2E73A1480081405C /* MDI1-105-BookManager */ = {
			isa = PBXNativeTarget;
			buildConfigurationList = 83080C232E73A1490081405C /* Build configuration list for PBXNativeTarget "MDI1-105-BookManager" */;
			buildPhases = (
				83080BFC2E73A1480081405C /* Sources */,
				83080BFD2E73A1480081405C /* Frameworks */,
				83080BFE2E73A1480081405C /* Resources */,
			);
			buildRules = (
			);
			dependencies = (
			);
			fileSystemSynchronizedGroups = (
				83080C022E73A1480081405C /* MDI1-105-BookManager */,
			);
			name = "MDI1-105-BookManager";
			packageProductDependencies = (
			);
			productName = "MDI1-105-BookManager";
			productReference = 83080C002E73A1480081405C /* MDI1-105-BookManager.app */;
			productType = "com.apple.product-type.application";
		};
		83080C0E2E73A1490081405C /* MDI1-105-BookManagerTests */ = {
			isa = PBXNativeTarget;
			buildConfigurationList = 83080C262E73A1490081405C /* Build configuration list for PBXNativeTarget "MDI1-105-BookManagerTests" */;
			buildPhases = (
				83080C0B2E73A1490081405C /* Sources */,
				83080C0C2E73A1490081405C /* Frameworks */,
				83080C0D2E73A1490081405C /* Resources */,
			);
			buildRules = (
			);
			dependencies = (
				83080C112E73A1490081405C /* PBXTargetDependency */,
			);
			fileSystemSynchronizedGroups = (
				83080C122E73A1490081405C /* MDI1-105-BookManagerTests */,
			);
			name = "MDI1-105-BookManagerTests";
			packageProductDependencies = (
			);
			productName = "MDI1-105-BookManagerTests";
			productReference = 83080C0F2E73A1490081405C /* MDI1-105-BookManagerTests.xctest */;
			productType = "com.apple.product-type.bundle.unit-test";
		};
		83080C182E73A1490081405C /* MDI1-105-BookManagerUITests */ = {
			isa = PBXNativeTarget;
			buildConfigurationList = 83080C292E73A1490081405C /* Build configuration list for PBXNativeTarget "MDI1-105-BookManagerUITests" */;
			buildPhases = (
				83080C152E73A1490081405C /* Sources */,
				83080C162E73A1490081405C /* Frameworks */,
				83080C172E73A1490081405C /* Resources */,
			);
			buildRules = (
			);
			dependencies = (
				83080C1B2E73A1490081405C /* PBXTargetDependency */,
			);
			fileSystemSynchronizedGroups = (
				83080C1C2E73A1490081405C /* MDI1-105-BookManagerUITests */,
			);
			name = "MDI1-105-BookManagerUITests";
			packageProductDependencies = (
			);
			productName = "MDI1-105-BookManagerUITests";
			productReference = 83080C192E73A1490081405C /* MDI1-105-BookManagerUITests.xctest */;
			productType = "com.apple.product-type.bundle.ui-testing";
		};
/* End PBXNativeTarget section */

/* Begin PBXProject section */
		83080BF82E73A1480081405C /* Project object */ = {
			isa = PBXProject;
			attributes = {
				BuildIndependentTargetsInParallel = 1;
				LastSwiftUpdateCheck = 1640;
				LastUpgradeCheck = 1640;
				TargetAttributes = {
					83080BFF2E73A1480081405C = {
						CreatedOnToolsVersion = 16.4;
					};
					83080C0E2E73A1490081405C = {
						CreatedOnToolsVersion = 16.4;
						TestTargetID = 83080BFF2E73A1480081405C;
					};
					83080C182E73A1490081405C = {
						CreatedOnToolsVersion = 16.4;
						TestTargetID = 83080BFF2E73A1480081405C;
					};
				};
			};
			buildConfigurationList = 83080BFB2E73A1480081405C /* Build configuration list for PBXProject "MDI1-105-BookManager" */;
			developmentRegion = en;
			hasScannedForEncodings = 0;
			knownRegions = (
				en,
				Base,
			);
			mainGroup = 83080BF72E73A1480081405C;
			minimizedProjectReferenceProxies = 1;
			preferredProjectObjectVersion = 77;
			productRefGroup = 83080C012E73A1480081405C /* Products */;
			projectDirPath = "";
			projectRoot = "";
			targets = (
				83080BFF2E73A1480081405C /* MDI1-105-BookManager */,
				83080C0E2E73A1490081405C /* MDI1-105-BookManagerTests */,
				83080C182E73A1490081405C /* MDI1-105-BookManagerUITests */,
			);
		};
/* End PBXProject section */

/* Begin PBXResourcesBuildPhase section */
		83080BFE2E73A1480081405C /* Resources */ = {
			isa = PBXResourcesBuildPhase;
			buildActionMask = 2147483647;
			files = (
			);
			runOnlyForDeploymentPostprocessing = 0;
		};
		83080C0D2E73A1490081405C /* Resources */ = {
			isa = PBXResourcesBuildPhase;
			buildActionMask = 2147483647;
			files = (
			);
			runOnlyForDeploymentPostprocessing = 0;
		};
		83080C172E73A1490081405C /* Resources */ = {
			isa = PBXResourcesBuildPhase;
			buildActionMask = 2147483647;
			files = (
			);
			runOnlyForDeploymentPostprocessing = 0;
		};
/* End PBXResourcesBuildPhase section */

/* Begin PBXSourcesBuildPhase section */
		83080BFC2E73A1480081405C /* Sources */ = {
			isa = PBXSourcesBuildPhase;
			buildActionMask = 2147483647;
			files = (
			);
			runOnlyForDeploymentPostprocessing = 0;
		};
		83080C0B2E73A1490081405C /* Sources */ = {
			isa = PBXSourcesBuildPhase;
			buildActionMask = 2147483647;
			files = (
			);
			runOnlyForDeploymentPostprocessing = 0;
		};
		83080C152E73A1490081405C /* Sources */ = {
			isa = PBXSourcesBuildPhase;
			buildActionMask = 2147483647;
			files = (
			);
			runOnlyForDeploymentPostprocessing = 0;
		};
/* End PBXSourcesBuildPhase section */

/* Begin PBXTargetDependency section */
		83080C112E73A1490081405C /* PBXTargetDependency */ = {
			isa = PBXTargetDependency;
			target = 83080BFF2E73A1480081405C /* MDI1-105-BookManager */;
			targetProxy = 83080C102E73A1490081405C /* PBXContainerItemProxy */;
		};
		83080C1B2E73A1490081405C /* PBXTargetDependency */ = {
			isa = PBXTargetDependency;
			target = 83080BFF2E73A1480081405C /* MDI1-105-BookManager */;
			targetProxy = 83080C1A2E73A1490081405C /* PBXContainerItemProxy */;
		};
/* End PBXTargetDependency section */

/* Begin XCBuildConfiguration section */
		83080C212E73A1490081405C /* Debug */ = {
			isa = XCBuildConfiguration;
			buildSettings = {
				ALWAYS_SEARCH_USER_PATHS = NO;
				ASSETCATALOG_COMPILER_GENERATE_SWIFT_ASSET_SYMBOL_EXTENSIONS = YES;
				CLANG_ANALYZER_NONNULL = YES;
				CLANG_ANALYZER_NUMBER_OBJECT_CONVERSION = YES_AGGRESSIVE;
				CLANG_CXX_LANGUAGE_STANDARD = "gnu++20";
				CLANG_ENABLE_MODULES = YES;
				CLANG_ENABLE_OBJC_ARC = YES;
				CLANG_ENABLE_OBJC_WEAK = YES;
				CLANG_WARN_BLOCK_CAPTURE_AUTORELEASING = YES;
				CLANG_WARN_BOOL_CONVERSION = YES;
				CLANG_WARN_COMMA = YES;
				CLANG_WARN_CONSTANT_CONVERSION = YES;
				CLANG_WARN_DEPRECATED_OBJC_IMPLEMENTATIONS = YES;
				CLANG_WARN_DIRECT_OBJC_ISA_USAGE = YES_ERROR;
				CLANG_WARN_DOCUMENTATION_COMMENTS = YES;
				CLANG_WARN_EMPTY_BODY = YES;
				CLANG_WARN_ENUM_CONVERSION = YES;
				CLANG_WARN_INFINITE_RECURSION = YES;
				CLANG_WARN_INT_CONVERSION = YES;
				CLANG_WARN_NON_LITERAL_NULL_CONVERSION = YES;
				CLANG_WARN_OBJC_IMPLICIT_RETAIN_SELF = YES;
				CLANG_WARN_OBJC_LITERAL_CONVERSION = YES;
				CLANG_WARN_OBJC_ROOT_CLASS = YES_ERROR;
				CLANG_WARN_QUOTED_INCLUDE_IN_FRAMEWORK_HEADER = YES;
				CLANG_WARN_RANGE_LOOP_ANALYSIS = YES;
				CLANG_WARN_STRICT_PROTOTYPES = YES;
				CLANG_WARN_SUSPICIOUS_MOVE = YES;
				CLANG_WARN_UNGUARDED_AVAILABILITY = YES_AGGRESSIVE;
				CLANG_WARN_UNREACHABLE_CODE = YES;
				CLANG_WARN__DUPLICATE_METHOD_MATCH = YES;
				COPY_PHASE_STRIP = NO;
				DEBUG_INFORMATION_FORMAT = dwarf;
				ENABLE_STRICT_OBJC_MSGSEND = YES;
				ENABLE_TESTABILITY = YES;
				ENABLE_USER_SCRIPT_SANDBOXING = YES;
				GCC_C_LANGUAGE_STANDARD = gnu17;
				GCC_DYNAMIC_NO_PIC = NO;
				GCC_NO_COMMON_BLOCKS = YES;
				GCC_OPTIMIZATION_LEVEL = 0;
				GCC_PREPROCESSOR_DEFINITIONS = (
					"DEBUG=1",
					"$(inherited)",
				);
				GCC_WARN_64_TO_32_BIT_CONVERSION = YES;
				GCC_WARN_ABOUT_RETURN_TYPE = YES_ERROR;
				GCC_WARN_UNDECLARED_SELECTOR = YES;
				GCC_WARN_UNINITIALIZED_AUTOS = YES_AGGRESSIVE;
				GCC_WARN_UNUSED_FUNCTION = YES;
				GCC_WARN_UNUSED_VARIABLE = YES;
				IPHONEOS_DEPLOYMENT_TARGET = 18.5;
				LOCALIZATION_PREFERS_STRING_CATALOGS = YES;
				MTL_ENABLE_DEBUG_INFO = INCLUDE_SOURCE;
				MTL_FAST_MATH = YES;
				ONLY_ACTIVE_ARCH = YES;
				SDKROOT = iphoneos;
				SWIFT_ACTIVE_COMPILATION_CONDITIONS = "DEBUG $(inherited)";
				SWIFT_OPTIMIZATION_LEVEL = "-Onone";
			};
			name = Debug;
		};
		83080C222E73A1490081405C /* Release */ = {
			isa = XCBuildConfiguration;
			buildSettings = {
				ALWAYS_SEARCH_USER_PATHS = NO;
				ASSETCATALOG_COMPILER_GENERATE_SWIFT_ASSET_SYMBOL_EXTENSIONS = YES;
				CLANG_ANALYZER_NONNULL = YES;
				CLANG_ANALYZER_NUMBER_OBJECT_CONVERSION = YES_AGGRESSIVE;
				CLANG_CXX_LANGUAGE_STANDARD = "gnu++20";
				CLANG_ENABLE_MODULES = YES;
				CLANG_ENABLE_OBJC_ARC = YES;
				CLANG_ENABLE_OBJC_WEAK = YES;
				CLANG_WARN_BLOCK_CAPTURE_AUTORELEASING = YES;
				CLANG_WARN_BOOL_CONVERSION = YES;
				CLANG_WARN_COMMA = YES;
				CLANG_WARN_CONSTANT_CONVERSION = YES;
				CLANG_WARN_DEPRECATED_OBJC_IMPLEMENTATIONS = YES;
				CLANG_WARN_DIRECT_OBJC_ISA_USAGE = YES_ERROR;
				CLANG_WARN_DOCUMENTATION_COMMENTS = YES;
				CLANG_WARN_EMPTY_BODY = YES;
				CLANG_WARN_ENUM_CONVERSION = YES;
				CLANG_WARN_INFINITE_RECURSION = YES;
				CLANG_WARN_INT_CONVERSION = YES;
				CLANG_WARN_NON_LITERAL_NULL_CONVERSION = YES;
				CLANG_WARN_OBJC_IMPLICIT_RETAIN_SELF = YES;
				CLANG_WARN_OBJC_LITERAL_CONVERSION = YES;
				CLANG_WARN_OBJC_ROOT_CLASS = YES_ERROR;
				CLANG_WARN_QUOTED_INCLUDE_IN_FRAMEWORK_HEADER = YES;
				CLANG_WARN_RANGE_LOOP_ANALYSIS = YES;
				CLANG_WARN_STRICT_PROTOTYPES = YES;
				CLANG_WARN_SUSPICIOUS_MOVE = YES;
				CLANG_WARN_UNGUARDED_AVAILABILITY = YES_AGGRESSIVE;
				CLANG_WARN_UNREACHABLE_CODE = YES;
				CLANG_WARN__DUPLICATE_METHOD_MATCH = YES;
				COPY_PHASE_STRIP = NO;
				DEBUG_INFORMATION_FORMAT = "dwarf-with-dsym";
				ENABLE_NS_ASSERTIONS = NO;
				ENABLE_STRICT_OBJC_MSGSEND = YES;
				ENABLE_USER_SCRIPT_SANDBOXING = YES;
				GCC_C_LANGUAGE_STANDARD = gnu17;
				GCC_NO_COMMON_BLOCKS = YES;
				GCC_WARN_64_TO_32_BIT_CONVERSION = YES;
				GCC_WARN_ABOUT_RETURN_TYPE = YES_ERROR;
				GCC_WARN_UNDECLARED_SELECTOR = YES;
				GCC_WARN_UNINITIALIZED_AUTOS = YES_AGGRESSIVE;
				GCC_WARN_UNUSED_FUNCTION = YES;
				GCC_WARN_UNUSED_VARIABLE = YES;
				IPHONEOS_DEPLOYMENT_TARGET = 18.5;
				LOCALIZATION_PREFERS_STRING_CATALOGS = YES;
				MTL_ENABLE_DEBUG_INFO = NO;
				MTL_FAST_MATH = YES;
				SDKROOT = iphoneos;
				SWIFT_COMPILATION_MODE = wholemodule;
				VALIDATE_PRODUCT = YES;
			};
			name = Release;
		};
		83080C242E73A1490081405C /* Debug */ = {
			isa = XCBuildConfiguration;
			buildSettings = {
				ASSETCATALOG_COMPILER_APPICON_NAME = AppIcon;
				ASSETCATALOG_COMPILER_GLOBAL_ACCENT_COLOR_NAME = AccentColor;
				CODE_SIGN_STYLE = Automatic;
				CURRENT_PROJECT_VERSION = 1;
				ENABLE_PREVIEWS = YES;
				GENERATE_INFOPLIST_FILE = YES;
				INFOPLIST_KEY_UIApplicationSceneManifest_Generation = YES;
				INFOPLIST_KEY_UIApplicationSupportsIndirectInputEvents = YES;
				INFOPLIST_KEY_UILaunchScreen_Generation = YES;
				INFOPLIST_KEY_UISupportedInterfaceOrientations_iPad = "UIInterfaceOrientationPortrait UIInterfaceOrientationPortraitUpsideDown UIInterfaceOrientationLandscapeLeft UIInterfaceOrientationLandscapeRight";
				INFOPLIST_KEY_UISupportedInterfaceOrientations_iPhone = "UIInterfaceOrientationPortrait UIInterfaceOrientationLandscapeLeft UIInterfaceOrientationLandscapeRight";
				LD_RUNPATH_SEARCH_PATHS = (
					"$(inherited)",
					"@executable_path/Frameworks",
				);
				MARKETING_VERSION = 1.0;
				PRODUCT_BUNDLE_IDENTIFIER = "com.chris.MDI1-105-BookManager";
				PRODUCT_NAME = "$(TARGET_NAME)";
				SWIFT_EMIT_LOC_STRINGS = YES;
				SWIFT_VERSION = 5.0;
				TARGETED_DEVICE_FAMILY = "1,2";
			};
			name = Debug;
		};
		83080C252E73A1490081405C /* Release */ = {
			isa = XCBuildConfiguration;
			buildSettings = {
				ASSETCATALOG_COMPILER_APPICON_NAME = AppIcon;
				ASSETCATALOG_COMPILER_GLOBAL_ACCENT_COLOR_NAME = AccentColor;
				CODE_SIGN_STYLE = Automatic;
				CURRENT_PROJECT_VERSION = 1;
				ENABLE_PREVIEWS = YES;
				GENERATE_INFOPLIST_FILE = YES;
				INFOPLIST_KEY_UIApplicationSceneManifest_Generation = YES;
				INFOPLIST_KEY_UIApplicationSupportsIndirectInputEvents = YES;
				INFOPLIST_KEY_UILaunchScreen_Generation = YES;
				INFOPLIST_KEY_UISupportedInterfaceOrientations_iPad = "UIInterfaceOrientationPortrait UIInterfaceOrientationPortraitUpsideDown UIInterfaceOrientationLandscapeLeft UIInterfaceOrientationLandscapeRight";
				INFOPLIST_KEY_UISupportedInterfaceOrientations_iPhone = "UIInterfaceOrientationPortrait UIInterfaceOrientationLandscapeLeft UIInterfaceOrientationLandscapeRight";
				LD_RUNPATH_SEARCH_PATHS = (
					"$(inherited)",
					"@executable_path/Frameworks",
				);
				MARKETING_VERSION = 1.0;
				PRODUCT_BUNDLE_IDENTIFIER = "com.chris.MDI1-105-BookManager";
				PRODUCT_NAME = "$(TARGET_NAME)";
				SWIFT_EMIT_LOC_STRINGS = YES;
				SWIFT_VERSION = 5.0;
				TARGETED_DEVICE_FAMILY = "1,2";
			};
			name = Release;
		};
		83080C272E73A1490081405C /* Debug */ = {
			isa = XCBuildConfiguration;
			buildSettings = {
				BUNDLE_LOADER = "$(TEST_HOST)";
				CODE_SIGN_STYLE = Automatic;
				CURRENT_PROJECT_VERSION = 1;
				GENERATE_INFOPLIST_FILE = YES;
				IPHONEOS_DEPLOYMENT_TARGET = 18.5;
				MARKETING_VERSION = 1.0;
				PRODUCT_BUNDLE_IDENTIFIER = "com.chris.MDI1-105-BookManagerTests";
				PRODUCT_NAME = "$(TARGET_NAME)";
				SWIFT_EMIT_LOC_STRINGS = NO;
				SWIFT_VERSION = 5.0;
				TARGETED_DEVICE_FAMILY = "1,2";
				TEST_HOST = "$(BUILT_PRODUCTS_DIR)/MDI1-105-BookManager.app/$(BUNDLE_EXECUTABLE_FOLDER_PATH)/MDI1-105-BookManager";
			};
			name = Debug;
		};
		83080C282E73A1490081405C /* Release */ = {
			isa = XCBuildConfiguration;
			buildSettings = {
				BUNDLE_LOADER = "$(TEST_HOST)";
				CODE_SIGN_STYLE = Automatic;
				CURRENT_PROJECT_VERSION = 1;
				GENERATE_INFOPLIST_FILE = YES;
				IPHONEOS_DEPLOYMENT_TARGET = 18.5;
				MARKETING_VERSION = 1.0;
				PRODUCT_BUNDLE_IDENTIFIER = "com.chris.MDI1-105-BookManagerTests";
				PRODUCT_NAME = "$(TARGET_NAME)";
				SWIFT_EMIT_LOC_STRINGS = NO;
				SWIFT_VERSION = 5.0;
				TARGETED_DEVICE_FAMILY = "1,2";
				TEST_HOST = "$(BUILT_PRODUCTS_DIR)/MDI1-105-BookManager.app/$(BUNDLE_EXECUTABLE_FOLDER_PATH)/MDI1-105-BookManager";
			};
			name = Release;
		};
		83080C2A2E73A1490081405C /* Debug */ = {
			isa = XCBuildConfiguration;
			buildSettings = {
				CODE_SIGN_STYLE = Automatic;
				CURRENT_PROJECT_VERSION = 1;
				GENERATE_INFOPLIST_FILE = YES;
				MARKETING_VERSION = 1.0;
				PRODUCT_BUNDLE_IDENTIFIER = "com.chris.MDI1-105-BookManagerUITests";
				PRODUCT_NAME = "$(TARGET_NAME)";
				SWIFT_EMIT_LOC_STRINGS = NO;
				SWIFT_VERSION = 5.0;
				TARGETED_DEVICE_FAMILY = "1,2";
				TEST_TARGET_NAME = "MDI1-105-BookManager";
			};
			name = Debug;
		};
		83080C2B2E73A1490081405C /* Release */ = {
			isa = XCBuildConfiguration;
			buildSettings = {
				CODE_SIGN_STYLE = Automatic;
				CURRENT_PROJECT_VERSION = 1;
				GENERATE_INFOPLIST_FILE = YES;
				MARKETING_VERSION = 1.0;
				PRODUCT_BUNDLE_IDENTIFIER = "com.chris.MDI1-105-BookManagerUITests";
				PRODUCT_NAME = "$(TARGET_NAME)";
				SWIFT_EMIT_LOC_STRINGS = NO;
				SWIFT_VERSION = 5.0;
				TARGETED_DEVICE_FAMILY = "1,2";
				TEST_TARGET_NAME = "MDI1-105-BookManager";
			};
			name = Release;
		};
/* End XCBuildConfiguration section */

/* Begin XCConfigurationList section */
		83080BFB2E73A1480081405C /* Build configuration list for PBXProject "MDI1-105-BookManager" */ = {
			isa = XCConfigurationList;
			buildConfigurations = (
				83080C212E73A1490081405C /* Debug */,
				83080C222E73A1490081405C /* Release */,
			);
			defaultConfigurationIsVisible = 0;
			defaultConfigurationName = Release;
		};
		83080C232E73A1490081405C /* Build configuration list for PBXNativeTarget "MDI1-105-BookManager" */ = {
			isa = XCConfigurationList;
			buildConfigurations = (
				83080C242E73A1490081405C /* Debug */,
				83080C252E73A1490081405C /* Release */,
			);
			defaultConfigurationIsVisible = 0;
			defaultConfigurationName = Release;
		};
		83080C262E73A1490081405C /* Build configuration list for PBXNativeTarget "MDI1-105-BookManagerTests" */ = {
			isa = XCConfigurationList;
			buildConfigurations = (
				83080C272E73A1490081405C /* Debug */,
				83080C282E73A1490081405C /* Release */,
			);
			defaultConfigurationIsVisible = 0;
			defaultConfigurationName = Release;
		};
		83080C292E73A1490081405C /* Build configuration list for PBXNativeTarget "MDI1-105-BookManagerUITests" */ = {
			isa = XCConfigurationList;
			buildConfigurations = (
				83080C2A2E73A1490081405C /* Debug */,
				83080C2B2E73A1490081405C /* Release */,
			);
			defaultConfigurationIsVisible = 0;
			defaultConfigurationName = Release;
		};
/* End XCConfigurationList section */
	};
	rootObject = 83080BF82E73A1480081405C /* Project object */;
}
